
Microsoft Visual Studio Solution File, Format Version 12.00
# Visual Studio Version 17
VisualStudioVersion = 17.5.33414.496
MinimumVisualStudioVersion = 10.0.40219.1
Project("{FAE04EC0-301F-11D3-BF4B-00C04F79EFBC}") = "EntityFramework_23_02_23", "EntityFramework_23_02_23\EntityFramework_23_02_23.csproj", "{1A060BDF-8E19-41DD-904E-53229B12162D}"
EndProject
Global
	GlobalSection(SolutionConfigurationPlatforms) = preSolution
		Debug|Any CPU = Debug|Any CPU
		Release|Any CPU = Release|Any CPU
	EndGlobalSection
	GlobalSection(ProjectConfigurationPlatforms) = postSolution
		{1A060BDF-8E19-41DD-904E-53229B12162D}.Debug|Any CPU.ActiveCfg = Debug|Any CPU
		{1A060BDF-8E19-41DD-904E-53229B12162D}.Debug|Any CPU.Build.0 = Debug|Any CPU
		{1A060BDF-8E19-41DD-904E-53229B12162D}.Release|Any CPU.ActiveCfg = Release|Any CPU
		{1A060BDF-8E19-41DD-904E-53229B12162D}.Release|Any CPU.Build.0 = Release|Any CPU
	EndGlobalSection
	GlobalSection(SolutionProperties) = preSolution
		HideSolutionNode = FALSE
	EndGlobalSection
	GlobalSection(ExtensibilityGlobals) = postSolution
		SolutionGuid = {23BA615E-A9EA-4561-9E6D-A27E1253A76B}
	EndGlobalSection
EndGlobal
